
Microsoft Visual Studio Solution File, Format Version 12.00
# Visual Studio Version 17
VisualStudioVersion = 17.4.33213.308
MinimumVisualStudioVersion = 10.0.40219.1
Project("{FAE04EC0-301F-11D3-BF4B-00C04F79EFBC}") = "GreetingCard", "GreetingCard.csproj", "{3097AB9E-94B0-4F41-BDC3-290456BD8997}"
EndProject
Global
	GlobalSection(SolutionConfigurationPlatforms) = preSolution
		Debug|Any CPU = Debug|Any CPU
		Release|Any CPU = Release|Any CPU
	EndGlobalSection
	GlobalSection(ProjectConfigurationPlatforms) = postSolution
		{3097AB9E-94B0-4F41-BDC3-290456BD8997}.Debug|Any CPU.ActiveCfg = Debug|Any CPU
		{3097AB9E-94B0-4F41-BDC3-290456BD8997}.Debug|Any CPU.Build.0 = Debug|Any CPU
		{3097AB9E-94B0-4F41-BDC3-290456BD8997}.Release|Any CPU.ActiveCfg = Release|Any CPU
		{3097AB9E-94B0-4F41-BDC3-290456BD8997}.Release|Any CPU.Build.0 = Release|Any CPU
	EndGlobalSection
	GlobalSection(SolutionProperties) = preSolution
		HideSolutionNode = FALSE
	EndGlobalSection
	GlobalSection(ExtensibilityGlobals) = postSolution
		SolutionGuid = {B57BF23D-17DD-47F1-A7B1-77CFAE54C61C}
	EndGlobalSection
EndGlobal
