
Microsoft Visual Studio Solution File, Format Version 12.00
# Visual Studio Version 17
VisualStudioVersion = 17.4.33213.308
MinimumVisualStudioVersion = 10.0.40219.1
Project("{FAE04EC0-301F-11D3-BF4B-00C04F79EFBC}") = "HTMLHelper", "HTMLHelper.csproj", "{8A3EF3EA-7370-4387-9017-4CD4CDE7AF42}"
EndProject
Global
	GlobalSection(SolutionConfigurationPlatforms) = preSolution
		Debug|Any CPU = Debug|Any CPU
		Release|Any CPU = Release|Any CPU
	EndGlobalSection
	GlobalSection(ProjectConfigurationPlatforms) = postSolution
		{8A3EF3EA-7370-4387-9017-4CD4CDE7AF42}.Debug|Any CPU.ActiveCfg = Debug|Any CPU
		{8A3EF3EA-7370-4387-9017-4CD4CDE7AF42}.Debug|Any CPU.Build.0 = Debug|Any CPU
		{8A3EF3EA-7370-4387-9017-4CD4CDE7AF42}.Release|Any CPU.ActiveCfg = Release|Any CPU
		{8A3EF3EA-7370-4387-9017-4CD4CDE7AF42}.Release|Any CPU.Build.0 = Release|Any CPU
	EndGlobalSection
	GlobalSection(SolutionProperties) = preSolution
		HideSolutionNode = FALSE
	EndGlobalSection
	GlobalSection(ExtensibilityGlobals) = postSolution
		SolutionGuid = {C469E8F6-EC44-420F-8F16-5D9920E37D49}
	EndGlobalSection
EndGlobal
