
Microsoft Visual Studio Solution File, Format Version 12.00
# Visual Studio Version 17
VisualStudioVersion = 17.4.33213.308
MinimumVisualStudioVersion = 10.0.40219.1
Project("{FAE04EC0-301F-11D3-BF4B-00C04F79EFBC}") = "webAppWhichManagesCustomersAndThierOrders", "webAppWhichManagesCustomersAndThierOrders.csproj", "{8EAC0225-2E94-4F2E-80DF-5621C0084D47}"
EndProject
Global
	GlobalSection(SolutionConfigurationPlatforms) = preSolution
		Debug|Any CPU = Debug|Any CPU
		Release|Any CPU = Release|Any CPU
	EndGlobalSection
	GlobalSection(ProjectConfigurationPlatforms) = postSolution
		{8EAC0225-2E94-4F2E-80DF-5621C0084D47}.Debug|Any CPU.ActiveCfg = Debug|Any CPU
		{8EAC0225-2E94-4F2E-80DF-5621C0084D47}.Debug|Any CPU.Build.0 = Debug|Any CPU
		{8EAC0225-2E94-4F2E-80DF-5621C0084D47}.Release|Any CPU.ActiveCfg = Release|Any CPU
		{8EAC0225-2E94-4F2E-80DF-5621C0084D47}.Release|Any CPU.Build.0 = Release|Any CPU
	EndGlobalSection
	GlobalSection(SolutionProperties) = preSolution
		HideSolutionNode = FALSE
	EndGlobalSection
	GlobalSection(ExtensibilityGlobals) = postSolution
		SolutionGuid = {8D848B38-C028-4E36-ADAD-9B37BD9F0E28}
	EndGlobalSection
EndGlobal
