
Microsoft Visual Studio Solution File, Format Version 12.00
# Visual Studio Version 17
VisualStudioVersion = 17.4.33213.308
MinimumVisualStudioVersion = 10.0.40219.1
Project("{FAE04EC0-301F-11D3-BF4B-00C04F79EFBC}") = "ManagingTrainees_TracksAndCourses", "ManagingTrainees_TracksAndCourses.csproj", "{40CC1BDF-4053-45D9-86F1-7CC7F2342FC3}"
EndProject
Global
	GlobalSection(SolutionConfigurationPlatforms) = preSolution
		Debug|Any CPU = Debug|Any CPU
		Release|Any CPU = Release|Any CPU
	EndGlobalSection
	GlobalSection(ProjectConfigurationPlatforms) = postSolution
		{40CC1BDF-4053-45D9-86F1-7CC7F2342FC3}.Debug|Any CPU.ActiveCfg = Debug|Any CPU
		{40CC1BDF-4053-45D9-86F1-7CC7F2342FC3}.Debug|Any CPU.Build.0 = Debug|Any CPU
		{40CC1BDF-4053-45D9-86F1-7CC7F2342FC3}.Release|Any CPU.ActiveCfg = Release|Any CPU
		{40CC1BDF-4053-45D9-86F1-7CC7F2342FC3}.Release|Any CPU.Build.0 = Release|Any CPU
	EndGlobalSection
	GlobalSection(SolutionProperties) = preSolution
		HideSolutionNode = FALSE
	EndGlobalSection
	GlobalSection(ExtensibilityGlobals) = postSolution
		SolutionGuid = {E752BB37-1AC7-4D04-B20E-154F3EA82B6A}
	EndGlobalSection
EndGlobal
